dependencies:
- name: mongo
  repository: file://../mongo
  version: 0.1.0
- name: redis
  repository: file://../redis
  version: 0.1.0
- name: mosquitto
  repository: https://k8s-at-home.com/charts/
  version: 2.1.1
digest: sha256:306f1173c04cae7d71c0a032bf1ba2260799f6a3c78d77227e8ca5c51c5e905d
generated: "2021-04-01T16:52:02.688289+02:00"
