dependencies:
- name: mongo
  repository: file://../mongo
  version: 0.1.0
- name: redis
  repository: file://../redis
  version: 0.1.0
- name: nginx
  repository: file://../nginx
  version: 0.1.0
- name: mosquitto
  repository: https://k8s-at-home.com/charts/
  version: 2.1.1
digest: sha256:b75120778506ad605ad3e4268a34615fd9020fa218fb8e4c7854192ffa823194
generated: "2021-04-01T17:33:48.316613+02:00"
